// !$*UTF8*$!
{
	archiveVersion = 1;
	classes = {
	};
	objectVersion = 56;
	objects = {

/* Begin PBXBuildFile section */
		7F6D4CDC2BEBAF9000424557 /* RoadMapApp.swift in Sources */ = {isa = PBXBuildFile; fileRef = 7F6D4CDB2BEBAF9000424557 /* RoadMapApp.swift */; };
		7F6D4CDE2BEBAF9000424557 /* Lesson14.swift in Sources */ = {isa = PBXBuildFile; fileRef = 7F6D4CDD2BEBAF9000424557 /* Lesson14.swift */; };
		7F6D4CE02BEBAF9100424557 /* Assets.xcassets in Resources */ = {isa = PBXBuildFile; fileRef = 7F6D4CDF2BEBAF9100424557 /* Assets.xcassets */; };
		7F6D4CE32BEBAF9100424557 /* Preview Assets.xcassets in Resources */ = {isa = PBXBuildFile; fileRef = 7F6D4CE22BEBAF9100424557 /* Preview Assets.xcassets */; };
		7F6D4CEA2BEBBFDE00424557 /* Lesson15.swift in Sources */ = {isa = PBXBuildFile; fileRef = 7F6D4CE92BEBBFDE00424557 /* Lesson15.swift */; };
		7F6D4CED2BECB5F500424557 /* MainTabView.swift in Sources */ = {isa = PBXBuildFile; fileRef = 7F6D4CEC2BECB5F500424557 /* MainTabView.swift */; };
		7F6D4CEF2BECBA7000424557 /* Profile.swift in Sources */ = {isa = PBXBuildFile; fileRef = 7F6D4CEE2BECBA7000424557 /* Profile.swift */; };
		7F6D4CF12BECBA8D00424557 /* BackgroundGradient.swift in Sources */ = {isa = PBXBuildFile; fileRef = 7F6D4CF02BECBA8D00424557 /* BackgroundGradient.swift */; };
		7F6D4CF32BECC22900424557 /* Shop.swift in Sources */ = {isa = PBXBuildFile; fileRef = 7F6D4CF22BECC22900424557 /* Shop.swift */; };
		7F6D4CF52BECFCEE00424557 /* FilterView.swift in Sources */ = {isa = PBXBuildFile; fileRef = 7F6D4CF42BECFCEE00424557 /* FilterView.swift */; };
		7F6D4CF82BEE712200424557 /* hw161718.swift in Sources */ = {isa = PBXBuildFile; fileRef = 7F6D4CF72BEE712200424557 /* hw161718.swift */; };
		7F6D4CFA2BEFAE4200424557 /* Payment.swift in Sources */ = {isa = PBXBuildFile; fileRef = 7F6D4CF92BEFAE4200424557 /* Payment.swift */; };
		7F6D4CFC2BF0101E00424557 /* sample.swift in Sources */ = {isa = PBXBuildFile; fileRef = 7F6D4CFB2BF0101E00424557 /* sample.swift */; };
/* End PBXBuildFile section */

/* Begin PBXFileReference section */
		7F6D4CD82BEBAF9000424557 /* RoadMap.app */ = {isa = PBXFileReference; explicitFileType = wrapper.application; includeInIndex = 0; path = RoadMap.app; sourceTree = BUILT_PRODUCTS_DIR; };
		7F6D4CDB2BEBAF9000424557 /* RoadMapApp.swift */ = {isa = PBXFileReference; lastKnownFileType = sourcecode.swift; path = RoadMapApp.swift; sourceTree = "<group>"; };
		7F6D4CDD2BEBAF9000424557 /* Lesson14.swift */ = {isa = PBXFileReference; lastKnownFileType = sourcecode.swift; path = Lesson14.swift; sourceTree = "<group>"; };
		7F6D4CDF2BEBAF9100424557 /* Assets.xcassets */ = {isa = PBXFileReference; lastKnownFileType = folder.assetcatalog; path = Assets.xcassets; sourceTree = "<group>"; };
		7F6D4CE22BEBAF9100424557 /* Preview Assets.xcassets */ = {isa = PBXFileReference; lastKnownFileType = folder.assetcatalog; path = "Preview Assets.xcassets"; sourceTree = "<group>"; };
		7F6D4CE92BEBBFDE00424557 /* Lesson15.swift */ = {isa = PBXFileReference; lastKnownFileType = sourcecode.swift; path = Lesson15.swift; sourceTree = "<group>"; };
		7F6D4CEC2BECB5F500424557 /* MainTabView.swift */ = {isa = PBXFileReference; lastKnownFileType = sourcecode.swift; path = MainTabView.swift; sourceTree = "<group>"; };
		7F6D4CEE2BECBA7000424557 /* Profile.swift */ = {isa = PBXFileReference; lastKnownFileType = sourcecode.swift; path = Profile.swift; sourceTree = "<group>"; };
		7F6D4CF02BECBA8D00424557 /* BackgroundGradient.swift */ = {isa = PBXFileReference; lastKnownFileType = sourcecode.swift; path = BackgroundGradient.swift; sourceTree = "<group>"; };
		7F6D4CF22BECC22900424557 /* Shop.swift */ = {isa = PBXFileReference; lastKnownFileType = sourcecode.swift; path = Shop.swift; sourceTree = "<group>"; };
		7F6D4CF42BECFCEE00424557 /* FilterView.swift */ = {isa = PBXFileReference; lastKnownFileType = sourcecode.swift; path = FilterView.swift; sourceTree = "<group>"; };
		7F6D4CF72BEE712200424557 /* hw161718.swift */ = {isa = PBXFileReference; lastKnownFileType = sourcecode.swift; path = hw161718.swift; sourceTree = "<group>"; };
		7F6D4CF92BEFAE4200424557 /* Payment.swift */ = {isa = PBXFileReference; lastKnownFileType = sourcecode.swift; path = Payment.swift; sourceTree = "<group>"; };
		7F6D4CFB2BF0101E00424557 /* sample.swift */ = {isa = PBXFileReference; lastKnownFileType = sourcecode.swift; path = sample.swift; sourceTree = "<group>"; };
/* End PBXFileReference section */

/* Begin PBXFrameworksBuildPhase section */
		7F6D4CD52BEBAF9000424557 /* Frameworks */ = {
			isa = PBXFrameworksBuildPhase;
			buildActionMask = 2147483647;
			files = (
			);
			runOnlyForDeploymentPostprocessing = 0;
		};
/* End PBXFrameworksBuildPhase section */

/* Begin PBXGroup section */
		7F6D4CCF2BEBAF9000424557 = {
			isa = PBXGroup;
			children = (
				7F6D4CDA2BEBAF9000424557 /* RoadMap */,
				7F6D4CD92BEBAF9000424557 /* Products */,
			);
			sourceTree = "<group>";
		};
		7F6D4CD92BEBAF9000424557 /* Products */ = {
			isa = PBXGroup;
			children = (
				7F6D4CD82BEBAF9000424557 /* RoadMap.app */,
			);
			name = Products;
			sourceTree = "<group>";
		};
		7F6D4CDA2BEBAF9000424557 /* RoadMap */ = {
			isa = PBXGroup;
			children = (
				7F6D4CF62BEE710500424557 /* HW-16-17-18 */,
				7F6D4CEB2BECB5D200424557 /* HW-13-14-15 */,
				7F6D4CDB2BEBAF9000424557 /* RoadMapApp.swift */,
				7F6D4CDD2BEBAF9000424557 /* Lesson14.swift */,
				7F6D4CDF2BEBAF9100424557 /* Assets.xcassets */,
				7F6D4CE12BEBAF9100424557 /* Preview Content */,
				7F6D4CE92BEBBFDE00424557 /* Lesson15.swift */,
			);
			path = RoadMap;
			sourceTree = "<group>";
		};
		7F6D4CE12BEBAF9100424557 /* Preview Content */ = {
			isa = PBXGroup;
			children = (
				7F6D4CE22BEBAF9100424557 /* Preview Assets.xcassets */,
			);
			path = "Preview Content";
			sourceTree = "<group>";
		};
		7F6D4CEB2BECB5D200424557 /* HW-13-14-15 */ = {
			isa = PBXGroup;
			children = (
				7F6D4CEC2BECB5F500424557 /* MainTabView.swift */,
				7F6D4CEE2BECBA7000424557 /* Profile.swift */,
				7F6D4CF02BECBA8D00424557 /* BackgroundGradient.swift */,
				7F6D4CF22BECC22900424557 /* Shop.swift */,
				7F6D4CF42BECFCEE00424557 /* FilterView.swift */,
			);
			path = "HW-13-14-15";
			sourceTree = "<group>";
		};
		7F6D4CF62BEE710500424557 /* HW-16-17-18 */ = {
			isa = PBXGroup;
			children = (
				7F6D4CF72BEE712200424557 /* hw161718.swift */,
				7F6D4CF92BEFAE4200424557 /* Payment.swift */,
				7F6D4CFB2BF0101E00424557 /* sample.swift */,
			);
			path = "HW-16-17-18";
			sourceTree = "<group>";
		};
/* End PBXGroup section */

/* Begin PBXNativeTarget section */
		7F6D4CD72BEBAF9000424557 /* RoadMap */ = {
			isa = PBXNativeTarget;
			buildConfigurationList = 7F6D4CE62BEBAF9100424557 /* Build configuration list for PBXNativeTarget "RoadMap" */;
			buildPhases = (
				7F6D4CD42BEBAF9000424557 /* Sources */,
				7F6D4CD52BEBAF9000424557 /* Frameworks */,
				7F6D4CD62BEBAF9000424557 /* Resources */,
			);
			buildRules = (
			);
			dependencies = (
			);
			name = RoadMap;
			productName = RoadMap;
			productReference = 7F6D4CD82BEBAF9000424557 /* RoadMap.app */;
			productType = "com.apple.product-type.application";
		};
/* End PBXNativeTarget section */

/* Begin PBXProject section */
		7F6D4CD02BEBAF9000424557 /* Project object */ = {
			isa = PBXProject;
			attributes = {
				BuildIndependentTargetsInParallel = 1;
				LastSwiftUpdateCheck = 1500;
				LastUpgradeCheck = 1500;
				TargetAttributes = {
					7F6D4CD72BEBAF9000424557 = {
						CreatedOnToolsVersion = 15.0.1;
					};
				};
			};
			buildConfigurationList = 7F6D4CD32BEBAF9000424557 /* Build configuration list for PBXProject "RoadMap" */;
			compatibilityVersion = "Xcode 14.0";
			developmentRegion = en;
			hasScannedForEncodings = 0;
			knownRegions = (
				en,
				Base,
			);
			mainGroup = 7F6D4CCF2BEBAF9000424557;
			productRefGroup = 7F6D4CD92BEBAF9000424557 /* Products */;
			projectDirPath = "";
			projectRoot = "";
			targets = (
				7F6D4CD72BEBAF9000424557 /* RoadMap */,
			);
		};
/* End PBXProject section */

/* Begin PBXResourcesBuildPhase section */
		7F6D4CD62BEBAF9000424557 /* Resources */ = {
			isa = PBXResourcesBuildPhase;
			buildActionMask = 2147483647;
			files = (
				7F6D4CE32BEBAF9100424557 /* Preview Assets.xcassets in Resources */,
				7F6D4CE02BEBAF9100424557 /* Assets.xcassets in Resources */,
			);
			runOnlyForDeploymentPostprocessing = 0;
		};
/* End PBXResourcesBuildPhase section */

/* Begin PBXSourcesBuildPhase section */
		7F6D4CD42BEBAF9000424557 /* Sources */ = {
			isa = PBXSourcesBuildPhase;
			buildActionMask = 2147483647;
			files = (
				7F6D4CF82BEE712200424557 /* hw161718.swift in Sources */,
				7F6D4CEA2BEBBFDE00424557 /* Lesson15.swift in Sources */,
				7F6D4CEF2BECBA7000424557 /* Profile.swift in Sources */,
				7F6D4CFC2BF0101E00424557 /* sample.swift in Sources */,
				7F6D4CED2BECB5F500424557 /* MainTabView.swift in Sources */,
				7F6D4CDE2BEBAF9000424557 /* Lesson14.swift in Sources */,
				7F6D4CF52BECFCEE00424557 /* FilterView.swift in Sources */,
				7F6D4CF32BECC22900424557 /* Shop.swift in Sources */,
				7F6D4CDC2BEBAF9000424557 /* RoadMapApp.swift in Sources */,
				7F6D4CF12BECBA8D00424557 /* BackgroundGradient.swift in Sources */,
				7F6D4CFA2BEFAE4200424557 /* Payment.swift in Sources */,
			);
			runOnlyForDeploymentPostprocessing = 0;
		};
/* End PBXSourcesBuildPhase section */

/* Begin XCBuildConfiguration section */
		7F6D4CE42BEBAF9100424557 /* Debug */ = {
			isa = XCBuildConfiguration;
			buildSettings = {
				ALWAYS_SEARCH_USER_PATHS = NO;
				ASSETCATALOG_COMPILER_GENERATE_SWIFT_ASSET_SYMBOL_EXTENSIONS = YES;
				CLANG_ANALYZER_NONNULL = YES;
				CLANG_ANALYZER_NUMBER_OBJECT_CONVERSION = YES_AGGRESSIVE;
				CLANG_CXX_LANGUAGE_STANDARD = "gnu++20";
				CLANG_ENABLE_MODULES = YES;
				CLANG_ENABLE_OBJC_ARC = YES;
				CLANG_ENABLE_OBJC_WEAK = YES;
				CLANG_WARN_BLOCK_CAPTURE_AUTORELEASING = YES;
				CLANG_WARN_BOOL_CONVERSION = YES;
				CLANG_WARN_COMMA = YES;
				CLANG_WARN_CONSTANT_CONVERSION = YES;
				CLANG_WARN_DEPRECATED_OBJC_IMPLEMENTATIONS = YES;
				CLANG_WARN_DIRECT_OBJC_ISA_USAGE = YES_ERROR;
				CLANG_WARN_DOCUMENTATION_COMMENTS = YES;
				CLANG_WARN_EMPTY_BODY = YES;
				CLANG_WARN_ENUM_CONVERSION = YES;
				CLANG_WARN_INFINITE_RECURSION = YES;
				CLANG_WARN_INT_CONVERSION = YES;
				CLANG_WARN_NON_LITERAL_NULL_CONVERSION = YES;
				CLANG_WARN_OBJC_IMPLICIT_RETAIN_SELF = YES;
				CLANG_WARN_OBJC_LITERAL_CONVERSION = YES;
				CLANG_WARN_OBJC_ROOT_CLASS = YES_ERROR;
				CLANG_WARN_QUOTED_INCLUDE_IN_FRAMEWORK_HEADER = YES;
				CLANG_WARN_RANGE_LOOP_ANALYSIS = YES;
				CLANG_WARN_STRICT_PROTOTYPES = YES;
				CLANG_WARN_SUSPICIOUS_MOVE = YES;
				CLANG_WARN_UNGUARDED_AVAILABILITY = YES_AGGRESSIVE;
				CLANG_WARN_UNREACHABLE_CODE = YES;
				CLANG_WARN__DUPLICATE_METHOD_MATCH = YES;
				COPY_PHASE_STRIP = NO;
				DEBUG_INFORMATION_FORMAT = dwarf;
				ENABLE_STRICT_OBJC_MSGSEND = YES;
				ENABLE_TESTABILITY = YES;
				ENABLE_USER_SCRIPT_SANDBOXING = YES;
				GCC_C_LANGUAGE_STANDARD = gnu17;
				GCC_DYNAMIC_NO_PIC = NO;
				GCC_NO_COMMON_BLOCKS = YES;
				GCC_OPTIMIZATION_LEVEL = 0;
				GCC_PREPROCESSOR_DEFINITIONS = (
					"DEBUG=1",
					"$(inherited)",
				);
				GCC_WARN_64_TO_32_BIT_CONVERSION = YES;
				GCC_WARN_ABOUT_RETURN_TYPE = YES_ERROR;
				GCC_WARN_UNDECLARED_SELECTOR = YES;
				GCC_WARN_UNINITIALIZED_AUTOS = YES_AGGRESSIVE;
				GCC_WARN_UNUSED_FUNCTION = YES;
				GCC_WARN_UNUSED_VARIABLE = YES;
				IPHONEOS_DEPLOYMENT_TARGET = 17.0;
				LOCALIZATION_PREFERS_STRING_CATALOGS = YES;
				MTL_ENABLE_DEBUG_INFO = INCLUDE_SOURCE;
				MTL_FAST_MATH = YES;
				ONLY_ACTIVE_ARCH = YES;
				SDKROOT = iphoneos;
				SWIFT_ACTIVE_COMPILATION_CONDITIONS = "DEBUG $(inherited)";
				SWIFT_OPTIMIZATION_LEVEL = "-Onone";
			};
			name = Debug;
		};
		7F6D4CE52BEBAF9100424557 /* Release */ = {
			isa = XCBuildConfiguration;
			buildSettings = {
				ALWAYS_SEARCH_USER_PATHS = NO;
				ASSETCATALOG_COMPILER_GENERATE_SWIFT_ASSET_SYMBOL_EXTENSIONS = YES;
				CLANG_ANALYZER_NONNULL = YES;
				CLANG_ANALYZER_NUMBER_OBJECT_CONVERSION = YES_AGGRESSIVE;
				CLANG_CXX_LANGUAGE_STANDARD = "gnu++20";
				CLANG_ENABLE_MODULES = YES;
				CLANG_ENABLE_OBJC_ARC = YES;
				CLANG_ENABLE_OBJC_WEAK = YES;
				CLANG_WARN_BLOCK_CAPTURE_AUTORELEASING = YES;
				CLANG_WARN_BOOL_CONVERSION = YES;
				CLANG_WARN_COMMA = YES;
				CLANG_WARN_CONSTANT_CONVERSION = YES;
				CLANG_WARN_DEPRECATED_OBJC_IMPLEMENTATIONS = YES;
				CLANG_WARN_DIRECT_OBJC_ISA_USAGE = YES_ERROR;
				CLANG_WARN_DOCUMENTATION_COMMENTS = YES;
				CLANG_WARN_EMPTY_BODY = YES;
				CLANG_WARN_ENUM_CONVERSION = YES;
				CLANG_WARN_INFINITE_RECURSION = YES;
				CLANG_WARN_INT_CONVERSION = YES;
				CLANG_WARN_NON_LITERAL_NULL_CONVERSION = YES;
				CLANG_WARN_OBJC_IMPLICIT_RETAIN_SELF = YES;
				CLANG_WARN_OBJC_LITERAL_CONVERSION = YES;
				CLANG_WARN_OBJC_ROOT_CLASS = YES_ERROR;
				CLANG_WARN_QUOTED_INCLUDE_IN_FRAMEWORK_HEADER = YES;
				CLANG_WARN_RANGE_LOOP_ANALYSIS = YES;
				CLANG_WARN_STRICT_PROTOTYPES = YES;
				CLANG_WARN_SUSPICIOUS_MOVE = YES;
				CLANG_WARN_UNGUARDED_AVAILABILITY = YES_AGGRESSIVE;
				CLANG_WARN_UNREACHABLE_CODE = YES;
				CLANG_WARN__DUPLICATE_METHOD_MATCH = YES;
				COPY_PHASE_STRIP = NO;
				DEBUG_INFORMATION_FORMAT = "dwarf-with-dsym";
				ENABLE_NS_ASSERTIONS = NO;
				ENABLE_STRICT_OBJC_MSGSEND = YES;
				ENABLE_USER_SCRIPT_SANDBOXING = YES;
				GCC_C_LANGUAGE_STANDARD = gnu17;
				GCC_NO_COMMON_BLOCKS = YES;
				GCC_WARN_64_TO_32_BIT_CONVERSION = YES;
				GCC_WARN_ABOUT_RETURN_TYPE = YES_ERROR;
				GCC_WARN_UNDECLARED_SELECTOR = YES;
				GCC_WARN_UNINITIALIZED_AUTOS = YES_AGGRESSIVE;
				GCC_WARN_UNUSED_FUNCTION = YES;
				GCC_WARN_UNUSED_VARIABLE = YES;
				IPHONEOS_DEPLOYMENT_TARGET = 17.0;
				LOCALIZATION_PREFERS_STRING_CATALOGS = YES;
				MTL_ENABLE_DEBUG_INFO = NO;
				MTL_FAST_MATH = YES;
				SDKROOT = iphoneos;
				SWIFT_COMPILATION_MODE = wholemodule;
				VALIDATE_PRODUCT = YES;
			};
			name = Release;
		};
		7F6D4CE72BEBAF9100424557 /* Debug */ = {
			isa = XCBuildConfiguration;
			buildSettings = {
				ASSETCATALOG_COMPILER_APPICON_NAME = AppIcon;
				ASSETCATALOG_COMPILER_GLOBAL_ACCENT_COLOR_NAME = AccentColor;
				CODE_SIGN_STYLE = Automatic;
				CURRENT_PROJECT_VERSION = 1;
				DEVELOPMENT_ASSET_PATHS = "\"RoadMap/Preview Content\"";
				ENABLE_PREVIEWS = YES;
				GENERATE_INFOPLIST_FILE = YES;
				INFOPLIST_KEY_UIApplicationSceneManifest_Generation = YES;
				INFOPLIST_KEY_UIApplicationSupportsIndirectInputEvents = YES;
				INFOPLIST_KEY_UILaunchScreen_Generation = YES;
				INFOPLIST_KEY_UISupportedInterfaceOrientations_iPad = "UIInterfaceOrientationPortrait UIInterfaceOrientationPortraitUpsideDown UIInterfaceOrientationLandscapeLeft UIInterfaceOrientationLandscapeRight";
				INFOPLIST_KEY_UISupportedInterfaceOrientations_iPhone = "UIInterfaceOrientationPortrait UIInterfaceOrientationLandscapeLeft UIInterfaceOrientationLandscapeRight";
				LD_RUNPATH_SEARCH_PATHS = (
					"$(inherited)",
					"@executable_path/Frameworks",
				);
				MARKETING_VERSION = 1.0;
				PRODUCT_BUNDLE_IDENTIFIER = adad.RoadMap;
				PRODUCT_NAME = "$(TARGET_NAME)";
				SWIFT_EMIT_LOC_STRINGS = YES;
				SWIFT_VERSION = 5.0;
				TARGETED_DEVICE_FAMILY = "1,2";
			};
			name = Debug;
		};
		7F6D4CE82BEBAF9100424557 /* Release */ = {
			isa = XCBuildConfiguration;
			buildSettings = {
				ASSETCATALOG_COMPILER_APPICON_NAME = AppIcon;
				ASSETCATALOG_COMPILER_GLOBAL_ACCENT_COLOR_NAME = AccentColor;
				CODE_SIGN_STYLE = Automatic;
				CURRENT_PROJECT_VERSION = 1;
				DEVELOPMENT_ASSET_PATHS = "\"RoadMap/Preview Content\"";
				ENABLE_PREVIEWS = YES;
				GENERATE_INFOPLIST_FILE = YES;
				INFOPLIST_KEY_UIApplicationSceneManifest_Generation = YES;
				INFOPLIST_KEY_UIApplicationSupportsIndirectInputEvents = YES;
				INFOPLIST_KEY_UILaunchScreen_Generation = YES;
				INFOPLIST_KEY_UISupportedInterfaceOrientations_iPad = "UIInterfaceOrientationPortrait UIInterfaceOrientationPortraitUpsideDown UIInterfaceOrientationLandscapeLeft UIInterfaceOrientationLandscapeRight";
				INFOPLIST_KEY_UISupportedInterfaceOrientations_iPhone = "UIInterfaceOrientationPortrait UIInterfaceOrientationLandscapeLeft UIInterfaceOrientationLandscapeRight";
				LD_RUNPATH_SEARCH_PATHS = (
					"$(inherited)",
					"@executable_path/Frameworks",
				);
				MARKETING_VERSION = 1.0;
				PRODUCT_BUNDLE_IDENTIFIER = adad.RoadMap;
				PRODUCT_NAME = "$(TARGET_NAME)";
				SWIFT_EMIT_LOC_STRINGS = YES;
				SWIFT_VERSION = 5.0;
				TARGETED_DEVICE_FAMILY = "1,2";
			};
			name = Release;
		};
/* End XCBuildConfiguration section */

/* Begin XCConfigurationList section */
		7F6D4CD32BEBAF9000424557 /* Build configuration list for PBXProject "RoadMap" */ = {
			isa = XCConfigurationList;
			buildConfigurations = (
				7F6D4CE42BEBAF9100424557 /* Debug */,
				7F6D4CE52BEBAF9100424557 /* Release */,
			);
			defaultConfigurationIsVisible = 0;
			defaultConfigurationName = Release;
		};
		7F6D4CE62BEBAF9100424557 /* Build configuration list for PBXNativeTarget "RoadMap" */ = {
			isa = XCConfigurationList;
			buildConfigurations = (
				7F6D4CE72BEBAF9100424557 /* Debug */,
				7F6D4CE82BEBAF9100424557 /* Release */,
			);
			defaultConfigurationIsVisible = 0;
			defaultConfigurationName = Release;
		};
/* End XCConfigurationList section */
	};
	rootObject = 7F6D4CD02BEBAF9000424557 /* Project object */;
}
